
Microsoft Visual Studio Solution File, Format Version 12.00
# Visual Studio Version 17
VisualStudioVersion = 17.12.35707.178
MinimumVisualStudioVersion = 10.0.40219.1
Project("{FAE04EC0-301F-11D3-BF4B-00C04F79EFBC}") = "VelEditor", "VelEditor\VelEditor.csproj", "{9B4D78E8-FFB8-4144-8ADF-C675A9B9706D}"
	ProjectSection(ProjectDependencies) = postProject
		{95F0DE61-894F-4C5E-BB01-A3443556AD9B} = {95F0DE61-894F-4C5E-BB01-A3443556AD9B}
	EndProjectSection
EndProject
Project("{8BC9CEB8-8B4A-11D0-8D11-00A0C91BC942}") = "VelEngine", "VelEngine\VelEngine.vcxproj", "{95F0DE61-894F-4C5E-BB01-A3443556AD9B}"
EndProject
Project("{8BC9CEB8-8B4A-11D0-8D11-00A0C91BC942}") = "EngineTest", "EngineTest\EngineTest.vcxproj", "{0AD12CA8-2ACE-4E4C-A464-74822D8C82A8}"
	ProjectSection(ProjectDependencies) = postProject
		{95F0DE61-894F-4C5E-BB01-A3443556AD9B} = {95F0DE61-894F-4C5E-BB01-A3443556AD9B}
	EndProjectSection
EndProject
Project("{8BC9CEB8-8B4A-11D0-8D11-00A0C91BC942}") = "EngineDLL", "EngineDLL\EngineDLL.vcxproj", "{1CA0DA23-3191-4971-8B24-20F8F6B00210}"
	ProjectSection(ProjectDependencies) = postProject
		{95F0DE61-894F-4C5E-BB01-A3443556AD9B} = {95F0DE61-894F-4C5E-BB01-A3443556AD9B}
	EndProjectSection
EndProject
Project("{8BC9CEB8-8B4A-11D0-8D11-00A0C91BC942}") = "ContentTools", "ContentTools\ContentTools.vcxproj", "{DC390C57-2B34-403A-8BE1-3DC601E1344A}"
	ProjectSection(ProjectDependencies) = postProject
		{95F0DE61-894F-4C5E-BB01-A3443556AD9B} = {95F0DE61-894F-4C5E-BB01-A3443556AD9B}
	EndProjectSection
EndProject
Global
	GlobalSection(SolutionConfigurationPlatforms) = preSolution
		Debug|x64 = Debug|x64
		DebugEditor|x64 = DebugEditor|x64
		Release|x64 = Release|x64
		ReleaseEditor|x64 = ReleaseEditor|x64
	EndGlobalSection
	GlobalSection(ProjectConfigurationPlatforms) = postSolution
		{9B4D78E8-FFB8-4144-8ADF-C675A9B9706D}.Debug|x64.ActiveCfg = DebugEditor|x64
		{9B4D78E8-FFB8-4144-8ADF-C675A9B9706D}.DebugEditor|x64.ActiveCfg = DebugEditor|x64
		{9B4D78E8-FFB8-4144-8ADF-C675A9B9706D}.DebugEditor|x64.Build.0 = DebugEditor|x64
		{9B4D78E8-FFB8-4144-8ADF-C675A9B9706D}.Release|x64.ActiveCfg = ReleaseEditor|x64
		{9B4D78E8-FFB8-4144-8ADF-C675A9B9706D}.ReleaseEditor|x64.ActiveCfg = ReleaseEditor|x64
		{9B4D78E8-FFB8-4144-8ADF-C675A9B9706D}.ReleaseEditor|x64.Build.0 = ReleaseEditor|x64
		{95F0DE61-894F-4C5E-BB01-A3443556AD9B}.Debug|x64.ActiveCfg = Debug|x64
		{95F0DE61-894F-4C5E-BB01-A3443556AD9B}.Debug|x64.Build.0 = Debug|x64
		{95F0DE61-894F-4C5E-BB01-A3443556AD9B}.DebugEditor|x64.ActiveCfg = DebugEditor|x64
		{95F0DE61-894F-4C5E-BB01-A3443556AD9B}.DebugEditor|x64.Build.0 = DebugEditor|x64
		{95F0DE61-894F-4C5E-BB01-A3443556AD9B}.Release|x64.ActiveCfg = Release|x64
		{95F0DE61-894F-4C5E-BB01-A3443556AD9B}.Release|x64.Build.0 = Release|x64
		{95F0DE61-894F-4C5E-BB01-A3443556AD9B}.ReleaseEditor|x64.ActiveCfg = ReleaseEditor|x64
		{95F0DE61-894F-4C5E-BB01-A3443556AD9B}.ReleaseEditor|x64.Build.0 = ReleaseEditor|x64
		{0AD12CA8-2ACE-4E4C-A464-74822D8C82A8}.Debug|x64.ActiveCfg = Debug|x64
		{0AD12CA8-2ACE-4E4C-A464-74822D8C82A8}.Debug|x64.Build.0 = Debug|x64
		{0AD12CA8-2ACE-4E4C-A464-74822D8C82A8}.DebugEditor|x64.ActiveCfg = Debug|x64
		{0AD12CA8-2ACE-4E4C-A464-74822D8C82A8}.Release|x64.ActiveCfg = Release|x64
		{0AD12CA8-2ACE-4E4C-A464-74822D8C82A8}.Release|x64.Build.0 = Release|x64
		{0AD12CA8-2ACE-4E4C-A464-74822D8C82A8}.ReleaseEditor|x64.ActiveCfg = Release|x64
		{1CA0DA23-3191-4971-8B24-20F8F6B00210}.Debug|x64.ActiveCfg = DebugEditor|x64
		{1CA0DA23-3191-4971-8B24-20F8F6B00210}.DebugEditor|x64.ActiveCfg = DebugEditor|x64
		{1CA0DA23-3191-4971-8B24-20F8F6B00210}.DebugEditor|x64.Build.0 = DebugEditor|x64
		{1CA0DA23-3191-4971-8B24-20F8F6B00210}.Release|x64.ActiveCfg = ReleaseEditor|x64
		{1CA0DA23-3191-4971-8B24-20F8F6B00210}.ReleaseEditor|x64.ActiveCfg = ReleaseEditor|x64
		{1CA0DA23-3191-4971-8B24-20F8F6B00210}.ReleaseEditor|x64.Build.0 = ReleaseEditor|x64
		{DC390C57-2B34-403A-8BE1-3DC601E1344A}.Debug|x64.ActiveCfg = DebugEditor|x64
		{DC390C57-2B34-403A-8BE1-3DC601E1344A}.DebugEditor|x64.ActiveCfg = DebugEditor|x64
		{DC390C57-2B34-403A-8BE1-3DC601E1344A}.DebugEditor|x64.Build.0 = DebugEditor|x64
		{DC390C57-2B34-403A-8BE1-3DC601E1344A}.Release|x64.ActiveCfg = ReleaseEditor|x64
		{DC390C57-2B34-403A-8BE1-3DC601E1344A}.ReleaseEditor|x64.ActiveCfg = ReleaseEditor|x64
		{DC390C57-2B34-403A-8BE1-3DC601E1344A}.ReleaseEditor|x64.Build.0 = ReleaseEditor|x64
	EndGlobalSection
	GlobalSection(SolutionProperties) = preSolution
		HideSolutionNode = FALSE
	EndGlobalSection
	GlobalSection(ExtensibilityGlobals) = postSolution
		SolutionGuid = {0DCE8DC9-FC13-4DB2-A09D-7A515928B6D1}
	EndGlobalSection
EndGlobal
